
Microsoft Visual Studio Solution File, Format Version 12.00
# Visual Studio Version 16
VisualStudioVersion = 16.0.32901.82
MinimumVisualStudioVersion = 10.0.40219.1
Project("{FAE04EC0-301F-11D3-BF4B-00C04F79EFBC}") = "try", "try.csproj", "{D1C9A6E3-8F47-45B6-9C79-F327F0A37502}"
EndProject
Global
	GlobalSection(SolutionConfigurationPlatforms) = preSolution
		Debug|Any CPU = Debug|Any CPU
		Release|Any CPU = Release|Any CPU
	EndGlobalSection
	GlobalSection(ProjectConfigurationPlatforms) = postSolution
		{D1C9A6E3-8F47-45B6-9C79-F327F0A37502}.Debug|Any CPU.ActiveCfg = Debug|Any CPU
		{D1C9A6E3-8F47-45B6-9C79-F327F0A37502}.Debug|Any CPU.Build.0 = Debug|Any CPU
		{D1C9A6E3-8F47-45B6-9C79-F327F0A37502}.Release|Any CPU.ActiveCfg = Release|Any CPU
		{D1C9A6E3-8F47-45B6-9C79-F327F0A37502}.Release|Any CPU.Build.0 = Release|Any CPU
	EndGlobalSection
	GlobalSection(SolutionProperties) = preSolution
		HideSolutionNode = FALSE
	EndGlobalSection
	GlobalSection(ExtensibilityGlobals) = postSolution
		SolutionGuid = {2D8EA0CF-6873-4BE2-A25F-6305E639DC0B}
	EndGlobalSection
EndGlobal
