
Microsoft Visual Studio Solution File, Format Version 12.00
# Visual Studio Version 16
VisualStudioVersion = 16.0.30907.101
MinimumVisualStudioVersion = 10.0.40219.1
Project("{FAE04EC0-301F-11D3-BF4B-00C04F79EFBC}") = "CRMTelmate", "CRMTelmate.csproj", "{14FED153-19BA-4A14-AAB0-CE703CC08940}"
EndProject
Global
	GlobalSection(SolutionConfigurationPlatforms) = preSolution
		Debug|Any CPU = Debug|Any CPU
		Release|Any CPU = Release|Any CPU
	EndGlobalSection
	GlobalSection(ProjectConfigurationPlatforms) = postSolution
		{14FED153-19BA-4A14-AAB0-CE703CC08940}.Debug|Any CPU.ActiveCfg = Debug|Any CPU
		{14FED153-19BA-4A14-AAB0-CE703CC08940}.Debug|Any CPU.Build.0 = Debug|Any CPU
		{14FED153-19BA-4A14-AAB0-CE703CC08940}.Release|Any CPU.ActiveCfg = Release|Any CPU
		{14FED153-19BA-4A14-AAB0-CE703CC08940}.Release|Any CPU.Build.0 = Release|Any CPU
	EndGlobalSection
	GlobalSection(SolutionProperties) = preSolution
		HideSolutionNode = FALSE
	EndGlobalSection
	GlobalSection(ExtensibilityGlobals) = postSolution
		SolutionGuid = {A20C2FF0-FF59-411D-88DB-BEFFE71F7C93}
	EndGlobalSection
EndGlobal
